Microsoft Visual Studio Solution File, Format Version 12.00
# Visual Studio Version 17
VisualStudioVersion = 17.0.31903.59
MinimumVisualStudioVersion = 10.0.40219.1
Project("{8BC9CEB8-8B4A-11D0-8D11-00A0C91BC942}") = "ALL_BUILD", "ALL_BUILD.vcxproj", "{CD914720-E73C-3176-A6A4-99C1D47DBC11}"
	ProjectSection(ProjectDependencies) = postProject
		{E1BBA2F7-9BCE-3237-9887-242FF8E1A980} = {E1BBA2F7-9BCE-3237-9887-242FF8E1A980}
		{CCB10CD2-1810-3D2F-ABC3-618F4F8B2167} = {CCB10CD2-1810-3D2F-ABC3-618F4F8B2167}
		{E82FD24F-C780-3060-83F9-446C3959B10F} = {E82FD24F-C780-3060-83F9-446C3959B10F}
		{6C508C46-CE70-3EDA-9F55-E4032D593D64} = {6C508C46-CE70-3EDA-9F55-E4032D593D64}
		{78714CCE-0F0B-33B3-8D7F-2D77C87F66E3} = {78714CCE-0F0B-33B3-8D7F-2D77C87F66E3}
	EndProjectSection
EndProject
Project("{8BC9CEB8-8B4A-11D0-8D11-00A0C91BC942}") = "ZERO_CHECK", "ZERO_CHECK.vcxproj", "{78714CCE-0F0B-33B3-8D7F-2D77C87F66E3}"
EndProject
Project("{8BC9CEB8-8B4A-11D0-8D11-00A0C91BC942}") = "enet", "third_party\enet\enet.vcxproj", "{6C508C46-CE70-3EDA-9F55-E4032D593D64}"
	ProjectSection(ProjectDependencies) = postProject
		{78714CCE-0F0B-33B3-8D7F-2D77C87F66E3} = {78714CCE-0F0B-33B3-8D7F-2D77C87F66E3}
	EndProjectSection
EndProject
Project("{8BC9CEB8-8B4A-11D0-8D11-00A0C91BC942}") = "Nxrth", "Nxrth.vcxproj", "{E1BBA2F7-9BCE-3237-9887-242FF8E1A980}"
	ProjectSection(ProjectDependencies) = postProject
		{E82FD24F-C780-3060-83F9-446C3959B10F} = {E82FD24F-C780-3060-83F9-446C3959B10F}
		{78714CCE-0F0B-33B3-8D7F-2D77C87F66E3} = {78714CCE-0F0B-33B3-8D7F-2D77C87F66E3}
		{6C508C46-CE70-3EDA-9F55-E4032D593D64} = {6C508C46-CE70-3EDA-9F55-E4032D593D64}
	EndProjectSection
EndProject
Project("{8BC9CEB8-8B4A-11D0-8D11-00A0C91BC942}") = "NxrthMcp", "NxrthMcp.vcxproj", "{CCB10CD2-1810-3D2F-ABC3-618F4F8B2167}"
	ProjectSection(ProjectDependencies) = postProject
		{78714CCE-0F0B-33B3-8D7F-2D77C87F66E3} = {78714CCE-0F0B-33B3-8D7F-2D77C87F66E3}
		{6C508C46-CE70-3EDA-9F55-E4032D593D64} = {6C508C46-CE70-3EDA-9F55-E4032D593D64}
	EndProjectSection
EndProject
Project("{8BC9CEB8-8B4A-11D0-8D11-00A0C91BC942}") = "NxrthSupervisor", "NxrthSupervisor.vcxproj", "{E82FD24F-C780-3060-83F9-446C3959B10F}"
	ProjectSection(ProjectDependencies) = postProject
		{78714CCE-0F0B-33B3-8D7F-2D77C87F66E3} = {78714CCE-0F0B-33B3-8D7F-2D77C87F66E3}
	EndProjectSection
EndProject
Global
	GlobalSection(SolutionConfigurationPlatforms) = preSolution
		Debug|x64 = Debug|x64
		Release|x64 = Release|x64
		MinSizeRel|x64 = MinSizeRel|x64
		RelWithDebInfo|x64 = RelWithDebInfo|x64
	EndGlobalSection
	GlobalSection(ProjectConfigurationPlatforms) = postSolution
		{CD914720-E73C-3176-A6A4-99C1D47DBC11}.Debug|x64.ActiveCfg = Debug|x64
		{CD914720-E73C-3176-A6A4-99C1D47DBC11}.Debug|x64.Build.0 = Debug|x64
		{CD914720-E73C-3176-A6A4-99C1D47DBC11}.Release|x64.ActiveCfg = Release|x64
		{CD914720-E73C-3176-A6A4-99C1D47DBC11}.Release|x64.Build.0 = Release|x64
		{CD914720-E73C-3176-A6A4-99C1D47DBC11}.MinSizeRel|x64.ActiveCfg = MinSizeRel|x64
		{CD914720-E73C-3176-A6A4-99C1D47DBC11}.MinSizeRel|x64.Build.0 = MinSizeRel|x64
		{CD914720-E73C-3176-A6A4-99C1D47DBC11}.RelWithDebInfo|x64.ActiveCfg = RelWithDebInfo|x64
		{CD914720-E73C-3176-A6A4-99C1D47DBC11}.RelWithDebInfo|x64.Build.0 = RelWithDebInfo|x64
		{78714CCE-0F0B-33B3-8D7F-2D77C87F66E3}.Debug|x64.ActiveCfg = Debug|x64
		{78714CCE-0F0B-33B3-8D7F-2D77C87F66E3}.Debug|x64.Build.0 = Debug|x64
		{78714CCE-0F0B-33B3-8D7F-2D77C87F66E3}.Release|x64.ActiveCfg = Release|x64
		{78714CCE-0F0B-33B3-8D7F-2D77C87F66E3}.Release|x64.Build.0 = Release|x64
		{78714CCE-0F0B-33B3-8D7F-2D77C87F66E3}.MinSizeRel|x64.ActiveCfg = MinSizeRel|x64
		{78714CCE-0F0B-33B3-8D7F-2D77C87F66E3}.MinSizeRel|x64.Build.0 = MinSizeRel|x64
		{78714CCE-0F0B-33B3-8D7F-2D77C87F66E3}.RelWithDebInfo|x64.ActiveCfg = RelWithDebInfo|x64
		{78714CCE-0F0B-33B3-8D7F-2D77C87F66E3}.RelWithDebInfo|x64.Build.0 = RelWithDebInfo|x64
		{6C508C46-CE70-3EDA-9F55-E4032D593D64}.Debug|x64.ActiveCfg = Debug|x64
		{6C508C46-CE70-3EDA-9F55-E4032D593D64}.Debug|x64.Build.0 = Debug|x64
		{6C508C46-CE70-3EDA-9F55-E4032D593D64}.Release|x64.ActiveCfg = Release|x64
		{6C508C46-CE70-3EDA-9F55-E4032D593D64}.Release|x64.Build.0 = Release|x64
		{6C508C46-CE70-3EDA-9F55-E4032D593D64}.MinSizeRel|x64.ActiveCfg = MinSizeRel|x64
		{6C508C46-CE70-3EDA-9F55-E4032D593D64}.MinSizeRel|x64.Build.0 = MinSizeRel|x64
		{6C508C46-CE70-3EDA-9F55-E4032D593D64}.RelWithDebInfo|x64.ActiveCfg = RelWithDebInfo|x64
		{6C508C46-CE70-3EDA-9F55-E4032D593D64}.RelWithDebInfo|x64.Build.0 = RelWithDebInfo|x64
		{E1BBA2F7-9BCE-3237-9887-242FF8E1A980}.Debug|x64.ActiveCfg = Debug|x64
		{E1BBA2F7-9BCE-3237-9887-242FF8E1A980}.Debug|x64.Build.0 = Debug|x64
		{E1BBA2F7-9BCE-3237-9887-242FF8E1A980}.Release|x64.ActiveCfg = Release|x64
		{E1BBA2F7-9BCE-3237-9887-242FF8E1A980}.Release|x64.Build.0 = Release|x64
		{E1BBA2F7-9BCE-3237-9887-242FF8E1A980}.MinSizeRel|x64.ActiveCfg = MinSizeRel|x64
		{E1BBA2F7-9BCE-3237-9887-242FF8E1A980}.MinSizeRel|x64.Build.0 = MinSizeRel|x64
		{E1BBA2F7-9BCE-3237-9887-242FF8E1A980}.RelWithDebInfo|x64.ActiveCfg = RelWithDebInfo|x64
		{E1BBA2F7-9BCE-3237-9887-242FF8E1A980}.RelWithDebInfo|x64.Build.0 = RelWithDebInfo|x64
		{CCB10CD2-1810-3D2F-ABC3-618F4F8B2167}.Debug|x64.ActiveCfg = Debug|x64
		{CCB10CD2-1810-3D2F-ABC3-618F4F8B2167}.Debug|x64.Build.0 = Debug|x64
		{CCB10CD2-1810-3D2F-ABC3-618F4F8B2167}.Release|x64.ActiveCfg = Release|x64
		{CCB10CD2-1810-3D2F-ABC3-618F4F8B2167}.Release|x64.Build.0 = Release|x64
		{CCB10CD2-1810-3D2F-ABC3-618F4F8B2167}.MinSizeRel|x64.ActiveCfg = MinSizeRel|x64
		{CCB10CD2-1810-3D2F-ABC3-618F4F8B2167}.MinSizeRel|x64.Build.0 = MinSizeRel|x64
		{CCB10CD2-1810-3D2F-ABC3-618F4F8B2167}.RelWithDebInfo|x64.ActiveCfg = RelWithDebInfo|x64
		{CCB10CD2-1810-3D2F-ABC3-618F4F8B2167}.RelWithDebInfo|x64.Build.0 = RelWithDebInfo|x64
		{E82FD24F-C780-3060-83F9-446C3959B10F}.Debug|x64.ActiveCfg = Debug|x64
		{E82FD24F-C780-3060-83F9-446C3959B10F}.Debug|x64.Build.0 = Debug|x64
		{E82FD24F-C780-3060-83F9-446C3959B10F}.Release|x64.ActiveCfg = Release|x64
		{E82FD24F-C780-3060-83F9-446C3959B10F}.Release|x64.Build.0 = Release|x64
		{E82FD24F-C780-3060-83F9-446C3959B10F}.MinSizeRel|x64.ActiveCfg = MinSizeRel|x64
		{E82FD24F-C780-3060-83F9-446C3959B10F}.MinSizeRel|x64.Build.0 = MinSizeRel|x64
		{E82FD24F-C780-3060-83F9-446C3959B10F}.RelWithDebInfo|x64.ActiveCfg = RelWithDebInfo|x64
		{E82FD24F-C780-3060-83F9-446C3959B10F}.RelWithDebInfo|x64.Build.0 = RelWithDebInfo|x64
	EndGlobalSection
	GlobalSection(SolutionProperties) = preSolution
		HideSolutionNode = FALSE
	EndGlobalSection
EndGlobal
